
Microsoft Visual Studio Solution File, Format Version 12.00
# Visual Studio Version 16
VisualStudioVersion = 16.0.30204.135
MinimumVisualStudioVersion = 10.0.40219.1
Project("{8BC9CEB8-8B4A-11D0-8D11-00A0C91BC942}") = "CourseWork_1.1", "CourseWork_1.1\CourseWork_1.1.vcxproj", "{11320135-4979-458E-8AD7-9EBD713E05AC}"
EndProject
Global
	GlobalSection(SolutionConfigurationPlatforms) = preSolution
		Debug|x64 = Debug|x64
		Debug|x86 = Debug|x86
		Release|x64 = Release|x64
		Release|x86 = Release|x86
	EndGlobalSection
	GlobalSection(ProjectConfigurationPlatforms) = postSolution
		{11320135-4979-458E-8AD7-9EBD713E05AC}.Debug|x64.ActiveCfg = Debug|x64
		{11320135-4979-458E-8AD7-9EBD713E05AC}.Debug|x64.Build.0 = Debug|x64
		{11320135-4979-458E-8AD7-9EBD713E05AC}.Debug|x86.ActiveCfg = Debug|Win32
		{11320135-4979-458E-8AD7-9EBD713E05AC}.Debug|x86.Build.0 = Debug|Win32
		{11320135-4979-458E-8AD7-9EBD713E05AC}.Release|x64.ActiveCfg = Release|x64
		{11320135-4979-458E-8AD7-9EBD713E05AC}.Release|x64.Build.0 = Release|x64
		{11320135-4979-458E-8AD7-9EBD713E05AC}.Release|x86.ActiveCfg = Release|Win32
		{11320135-4979-458E-8AD7-9EBD713E05AC}.Release|x86.Build.0 = Release|Win32
	EndGlobalSection
	GlobalSection(SolutionProperties) = preSolution
		HideSolutionNode = FALSE
	EndGlobalSection
	GlobalSection(ExtensibilityGlobals) = postSolution
		SolutionGuid = {5049CD52-C314-4F10-8BFD-B69FF5915715}
	EndGlobalSection
EndGlobal
